
Microsoft Visual Studio Solution File, Format Version 10.00
# Visual Studio 2008
Project("{8BC9CEB8-8B4A-11D0-8D11-00A0C91BC942}") = "MVSnapContinuous", "MVSnapContinuous.vcproj", "{F3330F2E-82C9-49E1-B09A-71AE265A0759}"
EndProject
Global
	GlobalSection(SolutionConfigurationPlatforms) = preSolution
		Debug|Win32 = Debug|Win32
		Release|Win32 = Release|Win32
	EndGlobalSection
	GlobalSection(ProjectConfigurationPlatforms) = postSolution
		{F3330F2E-82C9-49E1-B09A-71AE265A0759}.Debug|Win32.ActiveCfg = Debug|Win32
		{F3330F2E-82C9-49E1-B09A-71AE265A0759}.Debug|Win32.Build.0 = Debug|Win32
		{F3330F2E-82C9-49E1-B09A-71AE265A0759}.Release|Win32.ActiveCfg = Release|Win32
		{F3330F2E-82C9-49E1-B09A-71AE265A0759}.Release|Win32.Build.0 = Release|Win32
	EndGlobalSection
	GlobalSection(SolutionProperties) = preSolution
		HideSolutionNode = FALSE
	EndGlobalSection
EndGlobal
